{
  "nodes": {
    "nixpkgs": {
      "locked": {
        "lastModified": 1711423703,
        "narHash": "sha256-K30VpMC3w0RoJUrRpHK7niIRmxBFS6rqi3gWI+ooJzk=",
        "owner": "NixOS",
        "repo": "nixpkgs",
        "rev": "3fe9cce88e31f3a2d971d9a55140317c9574c30a",
        "type": "github"
      },
      "original": {
        "owner": "NixOS",
        "repo": "nixpkgs",
        "type": "github"
      }
    },
    "root": {
      "inputs": {
        "nixpkgs": "nixpkgs"
      }
    }
  },
  "root": "root",
  "version": 7
}
