{
  "nodes": {
    "nixpkgs": {
      "locked": {
        "lastModified": 1662454369,
        "narHash": "sha256-ANGcLcL3cT+Bf3INs2PVFPJfQ2/8QXQ1RoleJD4vmxc=",
        "owner": "NixOS",
        "repo": "nixpkgs",
        "rev": "aa192bd8976b6ad31fd61708e6fa24c6c8310c8c",
        "type": "github"
      },
      "original": {
        "owner": "NixOS",
        "repo": "nixpkgs",
        "type": "github"
      }
    },
    "root": {
      "inputs": {
        "nixpkgs": "nixpkgs"
      }
    }
  },
  "root": "root",
  "version": 7
}
