{
  "nodes": {
    "nixpkgs": {
      "locked": {
        "lastModified": 1773379829,
        "narHash": "sha256-qZahv38DEDvtKY3Fw06mL0gsKG/TLVqhxmS/Feg4BMk=",
        "owner": "NixOS",
        "repo": "nixpkgs",
        "rev": "5d734348f6c43fcb1100aab32c319312783484d2",
        "type": "github"
      },
      "original": {
        "owner": "NixOS",
        "repo": "nixpkgs",
        "type": "github"
      }
    },
    "nixpkgs_2": {
      "locked": {
        "lastModified": 1730988789,
        "narHash": "sha256-Yx1f4uPcvel/iv9sbx60lVS8oihlgN+qeUuMZ3T4Vvc=",
        "owner": "NixOS",
        "repo": "nixpkgs",
        "rev": "c1612975107c932f1e903d8fab1636334402c6d2",
        "type": "github"
      },
      "original": {
        "owner": "NixOS",
        "repo": "nixpkgs",
        "type": "github"
      }
    },
    "root": {
      "inputs": {
        "nixpkgs": "nixpkgs",
        "sat-bench": "sat-bench"
      }
    },
    "sat-bench": {
      "inputs": {
        "nixpkgs": "nixpkgs_2"
      },
      "locked": {
        "lastModified": 1773150920,
        "narHash": "sha256-nnpycKTYfjt0g5C7ShEFm1pyDCrY8NVnJYQVwdWyAVY=",
        "owner": "shnarazk",
        "repo": "SAT-bench",
        "rev": "c8ce7029016f5460abe9369c9cf109a31d35578c",
        "type": "github"
      },
      "original": {
        "owner": "shnarazk",
        "repo": "SAT-bench",
        "type": "github"
      }
    }
  },
  "root": "root",
  "version": 7
}
